
Microsoft Visual Studio Solution File, Format Version 12.00
# Visual Studio Version 17
VisualStudioVersion = 17.14.36203.30 d17.14
MinimumVisualStudioVersion = 10.0.40219.1
Project("{FAE04EC0-301F-11D3-BF4B-00C04F79EFBC}") = "BurstingMachine", "BurstingMachine\BurstingMachine.csproj", "{5C50738B-34BF-4B9A-941F-17E319501BCB}"
EndProject
Global
	GlobalSection(SolutionConfigurationPlatforms) = preSolution
		Debug|Any CPU = Debug|Any CPU
		Release|Any CPU = Release|Any CPU
	EndGlobalSection
	GlobalSection(ProjectConfigurationPlatforms) = postSolution
		{5C50738B-34BF-4B9A-941F-17E319501BCB}.Debug|Any CPU.ActiveCfg = Debug|Any CPU
		{5C50738B-34BF-4B9A-941F-17E319501BCB}.Debug|Any CPU.Build.0 = Debug|Any CPU
		{5C50738B-34BF-4B9A-941F-17E319501BCB}.Release|Any CPU.ActiveCfg = Release|Any CPU
		{5C50738B-34BF-4B9A-941F-17E319501BCB}.Release|Any CPU.Build.0 = Release|Any CPU
	EndGlobalSection
	GlobalSection(SolutionProperties) = preSolution
		HideSolutionNode = FALSE
	EndGlobalSection
	GlobalSection(ExtensibilityGlobals) = postSolution
		SolutionGuid = {9452836B-CD7A-4AB9-AC2F-85F727DE8E06}
	EndGlobalSection
EndGlobal
